
Microsoft Visual Studio Solution File, Format Version 12.00
# Visual Studio 15
Project("{FAE04EC0-301F-11D3-BF4B-00C04F79EFBC}") = "Assembly-CSharp", "Assembly-CSharp.csproj", "{0A40AB7F-066E-6721-7168-FF2534715FB6}"
EndProject
Project("{FAE04EC0-301F-11D3-BF4B-00C04F79EFBC}") = "Assembly-CSharp-Editor", "Assembly-CSharp-Editor.csproj", "{FE8E12D9-1F7C-3077-3DB7-4A9EB5273CA5}"
EndProject
Global
	GlobalSection(SolutionConfigurationPlatforms) = preSolution
		Debug|Any CPU = Debug|Any CPU
		Release|Any CPU = Release|Any CPU
	EndGlobalSection
	GlobalSection(ProjectConfigurationPlatforms) = postSolution
		{0A40AB7F-066E-6721-7168-FF2534715FB6}.Debug|Any CPU.ActiveCfg = Debug|Any CPU
		{0A40AB7F-066E-6721-7168-FF2534715FB6}.Debug|Any CPU.Build.0 = Debug|Any CPU
		{0A40AB7F-066E-6721-7168-FF2534715FB6}.Release|Any CPU.ActiveCfg = Release|Any CPU
		{0A40AB7F-066E-6721-7168-FF2534715FB6}.Release|Any CPU.Build.0 = Release|Any CPU
		{FE8E12D9-1F7C-3077-3DB7-4A9EB5273CA5}.Debug|Any CPU.ActiveCfg = Debug|Any CPU
		{FE8E12D9-1F7C-3077-3DB7-4A9EB5273CA5}.Debug|Any CPU.Build.0 = Debug|Any CPU
		{FE8E12D9-1F7C-3077-3DB7-4A9EB5273CA5}.Release|Any CPU.ActiveCfg = Release|Any CPU
		{FE8E12D9-1F7C-3077-3DB7-4A9EB5273CA5}.Release|Any CPU.Build.0 = Release|Any CPU
	EndGlobalSection
	GlobalSection(SolutionProperties) = preSolution
		HideSolutionNode = FALSE
	EndGlobalSection
EndGlobal
